
Microsoft Visual Studio Solution File, Format Version 12.00
# Visual Studio Version 16
VisualStudioVersion = 16.0.29409.12
MinimumVisualStudioVersion = 10.0.40219.1
Project("{2150E333-8FDC-42A3-9474-1A3956D46DE8}") = "Solution Items", "Solution Items", "{231E7EC1-B4A9-4DB1-B21C-8D8ED136A1DC}"
	ProjectSection(SolutionItems) = preProject
		azure-pipelines.yml = azure-pipelines.yml
		CHANGELOG.md = CHANGELOG.md
		Directory.Build.props = Directory.Build.props
		GitHubReleaseNotes.txt = GitHubReleaseNotes.txt
		README.md = README.md
	EndProjectSection
EndProject
Project("{2150E333-8FDC-42A3-9474-1A3956D46DE8}") = "src", "src", "{4B7EA302-B0F2-4952-B304-20FC4E51B16C}"
EndProject
Project("{2150E333-8FDC-42A3-9474-1A3956D46DE8}") = "tests", "tests", "{ACD435A8-556F-40B3-811C-84EC68EAE06E}"
EndProject
Project("{2150E333-8FDC-42A3-9474-1A3956D46DE8}") = "examples", "examples", "{2F2D7F80-54B5-41C3-BD5F-99E2600CA96B}"
EndProject
Project("{9A19103F-16F7-4668-BE54-9A1E7A4F7556}") = "System.Text.Json.EnumExtensions", "src\System.Text.Json.EnumExtensions\System.Text.Json.EnumExtensions.csproj", "{E6025F56-7A81-4C21-9FC1-AB7F090B1234}"
EndProject
Project("{9A19103F-16F7-4668-BE54-9A1E7A4F7556}") = "ConsoleApp", "examples\ConsoleApp\ConsoleApp.csproj", "{F6F35FD6-D5FB-493E-BF40-88B76948DC5C}"
EndProject
Global
	GlobalSection(SolutionConfigurationPlatforms) = preSolution
		Debug|Any CPU = Debug|Any CPU
		Release|Any CPU = Release|Any CPU
	EndGlobalSection
	GlobalSection(ProjectConfigurationPlatforms) = postSolution
		{E6025F56-7A81-4C21-9FC1-AB7F090B1234}.Debug|Any CPU.ActiveCfg = Debug|Any CPU
		{E6025F56-7A81-4C21-9FC1-AB7F090B1234}.Debug|Any CPU.Build.0 = Debug|Any CPU
		{E6025F56-7A81-4C21-9FC1-AB7F090B1234}.Release|Any CPU.ActiveCfg = Release|Any CPU
		{E6025F56-7A81-4C21-9FC1-AB7F090B1234}.Release|Any CPU.Build.0 = Release|Any CPU
		{F6F35FD6-D5FB-493E-BF40-88B76948DC5C}.Debug|Any CPU.ActiveCfg = Debug|Any CPU
		{F6F35FD6-D5FB-493E-BF40-88B76948DC5C}.Debug|Any CPU.Build.0 = Debug|Any CPU
		{F6F35FD6-D5FB-493E-BF40-88B76948DC5C}.Release|Any CPU.ActiveCfg = Release|Any CPU
		{F6F35FD6-D5FB-493E-BF40-88B76948DC5C}.Release|Any CPU.Build.0 = Release|Any CPU
	EndGlobalSection
	GlobalSection(SolutionProperties) = preSolution
		HideSolutionNode = FALSE
	EndGlobalSection
	GlobalSection(NestedProjects) = preSolution
		{E6025F56-7A81-4C21-9FC1-AB7F090B1234} = {4B7EA302-B0F2-4952-B304-20FC4E51B16C}
		{F6F35FD6-D5FB-493E-BF40-88B76948DC5C} = {2F2D7F80-54B5-41C3-BD5F-99E2600CA96B}
	EndGlobalSection
	GlobalSection(ExtensibilityGlobals) = postSolution
		SolutionGuid = {8C9F3067-8D49-47A5-B5D1-5C7FA8527166}
	EndGlobalSection
EndGlobal
